// !$*UTF8*$!
{
	archiveVersion = 1;
	classes = {
	};
	objectVersion = 56;
	objects = {

/* Begin PBXBuildFile section */
		A035E2D32AF08E1800EFB672 /* GuestOptionView.swift in Sources */ = {isa = PBXBuildFile; fileRef = A035E2D22AF08E1800EFB672 /* GuestOptionView.swift */; };
		A035E2D82AF08E9D00EFB672 /* GuestOptionViewModel.swift in Sources */ = {isa = PBXBuildFile; fileRef = A035E2D72AF08E9D00EFB672 /* GuestOptionViewModel.swift */; };
		A035E2DD2AF0921100EFB672 /* GuestService.swift in Sources */ = {isa = PBXBuildFile; fileRef = A035E2DC2AF0921100EFB672 /* GuestService.swift */; };
		A05151B62AF3409200DF5B7D /* GoogleService-Info.plist in Resources */ = {isa = PBXBuildFile; fileRef = A05151B52AF3409200DF5B7D /* GoogleService-Info.plist */; };
		A08A48BE2ADE27B000E095C2 /* WallAppApp.swift in Sources */ = {isa = PBXBuildFile; fileRef = A08A48BD2ADE27B000E095C2 /* WallAppApp.swift */; };
		A08A48C02ADE27B000E095C2 /* ContentView.swift in Sources */ = {isa = PBXBuildFile; fileRef = A08A48BF2ADE27B000E095C2 /* ContentView.swift */; };
		A08A48C22ADE27B100E095C2 /* Assets.xcassets in Resources */ = {isa = PBXBuildFile; fileRef = A08A48C12ADE27B100E095C2 /* Assets.xcassets */; };
		A08A48C52ADE27B100E095C2 /* Preview Assets.xcassets in Resources */ = {isa = PBXBuildFile; fileRef = A08A48C42ADE27B100E095C2 /* Preview Assets.xcassets */; };
		A099AC822AF3453A008DA683 /* FirebaseAuth in Frameworks */ = {isa = PBXBuildFile; productRef = A099AC812AF3453A008DA683 /* FirebaseAuth */; };
		A099AC842AF3453A008DA683 /* FirebaseFirestore in Frameworks */ = {isa = PBXBuildFile; productRef = A099AC832AF3453A008DA683 /* FirebaseFirestore */; };
		A099AC862AF3453B008DA683 /* FirebaseFirestoreSwift in Frameworks */ = {isa = PBXBuildFile; productRef = A099AC852AF3453A008DA683 /* FirebaseFirestoreSwift */; };
		A099AC882AF3453B008DA683 /* FirebaseRemoteConfig in Frameworks */ = {isa = PBXBuildFile; productRef = A099AC872AF3453B008DA683 /* FirebaseRemoteConfig */; };
		A099AC8A2AF3453B008DA683 /* FirebaseRemoteConfigSwift in Frameworks */ = {isa = PBXBuildFile; productRef = A099AC892AF3453B008DA683 /* FirebaseRemoteConfigSwift */; };
		A099AC8C2AF3453B008DA683 /* FirebaseStorage in Frameworks */ = {isa = PBXBuildFile; productRef = A099AC8B2AF3453B008DA683 /* FirebaseStorage */; };
		A099AC8E2AF3453B008DA683 /* FirebaseStorageCombine-Community in Frameworks */ = {isa = PBXBuildFile; productRef = A099AC8D2AF3453B008DA683 /* FirebaseStorageCombine-Community */; };
		A09FEC092ADE29C300F7E516 /* MainTabView.swift in Sources */ = {isa = PBXBuildFile; fileRef = A09FEC082ADE29C300F7E516 /* MainTabView.swift */; };
		A09FEC0E2ADE2ECC00F7E516 /* FeedView.swift in Sources */ = {isa = PBXBuildFile; fileRef = A09FEC0D2ADE2ECC00F7E516 /* FeedView.swift */; };
		A09FEC102ADF65AB00F7E516 /* ContentViewModel.swift in Sources */ = {isa = PBXBuildFile; fileRef = A09FEC0F2ADF65AB00F7E516 /* ContentViewModel.swift */; };
		A09FEC1A2ADF666B00F7E516 /* LoginView.swift in Sources */ = {isa = PBXBuildFile; fileRef = A09FEC192ADF666B00F7E516 /* LoginView.swift */; };
		A09FEC542ADF758E00F7E516 /* AuthService.swift in Sources */ = {isa = PBXBuildFile; fileRef = A09FEC532ADF758E00F7E516 /* AuthService.swift */; };
		A09FEC572ADF760A00F7E516 /* User.swift in Sources */ = {isa = PBXBuildFile; fileRef = A09FEC562ADF760A00F7E516 /* User.swift */; };
		A09FEC5A2ADF78E400F7E516 /* UserService.swift in Sources */ = {isa = PBXBuildFile; fileRef = A09FEC592ADF78E400F7E516 /* UserService.swift */; };
		A09FEC5D2ADF79C900F7E516 /* Constants.swift in Sources */ = {isa = PBXBuildFile; fileRef = A09FEC5C2ADF79C900F7E516 /* Constants.swift */; };
		A09FEC5F2ADF7BE000F7E516 /* RegistrationViewModel.swift in Sources */ = {isa = PBXBuildFile; fileRef = A09FEC5E2ADF7BE000F7E516 /* RegistrationViewModel.swift */; };
		A09FEC612ADF7C0600F7E516 /* LoginViewModel.swift in Sources */ = {isa = PBXBuildFile; fileRef = A09FEC602ADF7C0600F7E516 /* LoginViewModel.swift */; };
		A0C350902AED92C70044A319 /* UploadPostViewModel.swift in Sources */ = {isa = PBXBuildFile; fileRef = A0C3508F2AED92C70044A319 /* UploadPostViewModel.swift */; };
		A0C350922AEE93BD0044A319 /* PostService.swift in Sources */ = {isa = PBXBuildFile; fileRef = A0C350912AEE93BD0044A319 /* PostService.swift */; };
		A0C350992AEEA4BE0044A319 /* ProfileView.swift in Sources */ = {isa = PBXBuildFile; fileRef = A0C350982AEEA4BE0044A319 /* ProfileView.swift */; };
		A0C3509D2AEEA4FC0044A319 /* ProfileViewModel.swift in Sources */ = {isa = PBXBuildFile; fileRef = A0C3509C2AEEA4FC0044A319 /* ProfileViewModel.swift */; };
		A0DCA2A42AEB47E0006B5299 /* Post.swift in Sources */ = {isa = PBXBuildFile; fileRef = A0DCA2A32AEB47E0006B5299 /* Post.swift */; };
		A0DCA2A62AEB4971006B5299 /* FeedViewModel.swift in Sources */ = {isa = PBXBuildFile; fileRef = A0DCA2A52AEB4971006B5299 /* FeedViewModel.swift */; };
		A0DCA2A82AEB4B44006B5299 /* FeedCell.swift in Sources */ = {isa = PBXBuildFile; fileRef = A0DCA2A72AEB4B44006B5299 /* FeedCell.swift */; };
		A0DCA2AA2AEB4BA5006B5299 /* FeedCellViewModel.swift in Sources */ = {isa = PBXBuildFile; fileRef = A0DCA2A92AEB4BA5006B5299 /* FeedCellViewModel.swift */; };
		A0DCA2AD2AEB4D19006B5299 /* Extensions.swift in Sources */ = {isa = PBXBuildFile; fileRef = A0DCA2AC2AEB4D19006B5299 /* Extensions.swift */; };
		A0DCA2AF2AEB4F06006B5299 /* CircularProfileImageView.swift in Sources */ = {isa = PBXBuildFile; fileRef = A0DCA2AE2AEB4F06006B5299 /* CircularProfileImageView.swift */; };
		A0DCA2B32AED6C32006B5299 /* UploadPostView.swift in Sources */ = {isa = PBXBuildFile; fileRef = A0DCA2B22AED6C32006B5299 /* UploadPostView.swift */; };
		A0E8327A2AE35F0D00DBC228 /* CreateUserName.swift in Sources */ = {isa = PBXBuildFile; fileRef = A0E832762AE35F0C00DBC228 /* CreateUserName.swift */; };
		A0E8327B2AE35F0D00DBC228 /* CreatePasswordView.swift in Sources */ = {isa = PBXBuildFile; fileRef = A0E832772AE35F0C00DBC228 /* CreatePasswordView.swift */; };
		A0E8327C2AE35F0D00DBC228 /* AddEmailView.swift in Sources */ = {isa = PBXBuildFile; fileRef = A0E832782AE35F0C00DBC228 /* AddEmailView.swift */; };
		A0E8327D2AE35F0D00DBC228 /* CompleteSignUpView.swift in Sources */ = {isa = PBXBuildFile; fileRef = A0E832792AE35F0C00DBC228 /* CompleteSignUpView.swift */; };
		A0E832802AE361F900DBC228 /* TextFieldModifier.swift in Sources */ = {isa = PBXBuildFile; fileRef = A0E8327F2AE361F900DBC228 /* TextFieldModifier.swift */; };
/* End PBXBuildFile section */

/* Begin PBXFileReference section */
		A035E2D22AF08E1800EFB672 /* GuestOptionView.swift */ = {isa = PBXFileReference; lastKnownFileType = sourcecode.swift; path = GuestOptionView.swift; sourceTree = "<group>"; };
		A035E2D72AF08E9D00EFB672 /* GuestOptionViewModel.swift */ = {isa = PBXFileReference; lastKnownFileType = sourcecode.swift; path = GuestOptionViewModel.swift; sourceTree = "<group>"; };
		A035E2DC2AF0921100EFB672 /* GuestService.swift */ = {isa = PBXFileReference; lastKnownFileType = sourcecode.swift; path = GuestService.swift; sourceTree = "<group>"; };
		A05151B52AF3409200DF5B7D /* GoogleService-Info.plist */ = {isa = PBXFileReference; fileEncoding = 4; lastKnownFileType = text.plist.xml; path = "GoogleService-Info.plist"; sourceTree = "<group>"; };
		A08A48BA2ADE27B000E095C2 /* WallApp.app */ = {isa = PBXFileReference; explicitFileType = wrapper.application; includeInIndex = 0; path = WallApp.app; sourceTree = BUILT_PRODUCTS_DIR; };
		A08A48BD2ADE27B000E095C2 /* WallAppApp.swift */ = {isa = PBXFileReference; lastKnownFileType = sourcecode.swift; path = WallAppApp.swift; sourceTree = "<group>"; };
		A08A48BF2ADE27B000E095C2 /* ContentView.swift */ = {isa = PBXFileReference; lastKnownFileType = sourcecode.swift; path = ContentView.swift; sourceTree = "<group>"; };
		A08A48C12ADE27B100E095C2 /* Assets.xcassets */ = {isa = PBXFileReference; lastKnownFileType = folder.assetcatalog; path = Assets.xcassets; sourceTree = "<group>"; };
		A08A48C42ADE27B100E095C2 /* Preview Assets.xcassets */ = {isa = PBXFileReference; lastKnownFileType = folder.assetcatalog; path = "Preview Assets.xcassets"; sourceTree = "<group>"; };
		A09FEC082ADE29C300F7E516 /* MainTabView.swift */ = {isa = PBXFileReference; lastKnownFileType = sourcecode.swift; path = MainTabView.swift; sourceTree = "<group>"; };
		A09FEC0D2ADE2ECC00F7E516 /* FeedView.swift */ = {isa = PBXFileReference; lastKnownFileType = sourcecode.swift; path = FeedView.swift; sourceTree = "<group>"; };
		A09FEC0F2ADF65AB00F7E516 /* ContentViewModel.swift */ = {isa = PBXFileReference; lastKnownFileType = sourcecode.swift; path = ContentViewModel.swift; sourceTree = "<group>"; };
		A09FEC192ADF666B00F7E516 /* LoginView.swift */ = {isa = PBXFileReference; lastKnownFileType = sourcecode.swift; path = LoginView.swift; sourceTree = "<group>"; };
		A09FEC532ADF758E00F7E516 /* AuthService.swift */ = {isa = PBXFileReference; lastKnownFileType = sourcecode.swift; path = AuthService.swift; sourceTree = "<group>"; };
		A09FEC562ADF760A00F7E516 /* User.swift */ = {isa = PBXFileReference; lastKnownFileType = sourcecode.swift; path = User.swift; sourceTree = "<group>"; };
		A09FEC592ADF78E400F7E516 /* UserService.swift */ = {isa = PBXFileReference; lastKnownFileType = sourcecode.swift; path = UserService.swift; sourceTree = "<group>"; };
		A09FEC5C2ADF79C900F7E516 /* Constants.swift */ = {isa = PBXFileReference; lastKnownFileType = sourcecode.swift; path = Constants.swift; sourceTree = "<group>"; };
		A09FEC5E2ADF7BE000F7E516 /* RegistrationViewModel.swift */ = {isa = PBXFileReference; lastKnownFileType = sourcecode.swift; path = RegistrationViewModel.swift; sourceTree = "<group>"; };
		A09FEC602ADF7C0600F7E516 /* LoginViewModel.swift */ = {isa = PBXFileReference; lastKnownFileType = sourcecode.swift; path = LoginViewModel.swift; sourceTree = "<group>"; };
		A0C3508F2AED92C70044A319 /* UploadPostViewModel.swift */ = {isa = PBXFileReference; lastKnownFileType = sourcecode.swift; path = UploadPostViewModel.swift; sourceTree = "<group>"; };
		A0C350912AEE93BD0044A319 /* PostService.swift */ = {isa = PBXFileReference; lastKnownFileType = sourcecode.swift; path = PostService.swift; sourceTree = "<group>"; };
		A0C350982AEEA4BE0044A319 /* ProfileView.swift */ = {isa = PBXFileReference; lastKnownFileType = sourcecode.swift; path = ProfileView.swift; sourceTree = "<group>"; };
		A0C3509C2AEEA4FC0044A319 /* ProfileViewModel.swift */ = {isa = PBXFileReference; lastKnownFileType = sourcecode.swift; path = ProfileViewModel.swift; sourceTree = "<group>"; };
		A0DCA2A32AEB47E0006B5299 /* Post.swift */ = {isa = PBXFileReference; lastKnownFileType = sourcecode.swift; path = Post.swift; sourceTree = "<group>"; };
		A0DCA2A52AEB4971006B5299 /* FeedViewModel.swift */ = {isa = PBXFileReference; lastKnownFileType = sourcecode.swift; path = FeedViewModel.swift; sourceTree = "<group>"; };
		A0DCA2A72AEB4B44006B5299 /* FeedCell.swift */ = {isa = PBXFileReference; lastKnownFileType = sourcecode.swift; path = FeedCell.swift; sourceTree = "<group>"; };
		A0DCA2A92AEB4BA5006B5299 /* FeedCellViewModel.swift */ = {isa = PBXFileReference; lastKnownFileType = sourcecode.swift; path = FeedCellViewModel.swift; sourceTree = "<group>"; };
		A0DCA2AC2AEB4D19006B5299 /* Extensions.swift */ = {isa = PBXFileReference; lastKnownFileType = sourcecode.swift; path = Extensions.swift; sourceTree = "<group>"; };
		A0DCA2AE2AEB4F06006B5299 /* CircularProfileImageView.swift */ = {isa = PBXFileReference; lastKnownFileType = sourcecode.swift; path = CircularProfileImageView.swift; sourceTree = "<group>"; };
		A0DCA2B22AED6C32006B5299 /* UploadPostView.swift */ = {isa = PBXFileReference; lastKnownFileType = sourcecode.swift; path = UploadPostView.swift; sourceTree = "<group>"; };
		A0E832762AE35F0C00DBC228 /* CreateUserName.swift */ = {isa = PBXFileReference; fileEncoding = 4; lastKnownFileType = sourcecode.swift; path = CreateUserName.swift; sourceTree = "<group>"; };
		A0E832772AE35F0C00DBC228 /* CreatePasswordView.swift */ = {isa = PBXFileReference; fileEncoding = 4; lastKnownFileType = sourcecode.swift; path = CreatePasswordView.swift; sourceTree = "<group>"; };
		A0E832782AE35F0C00DBC228 /* AddEmailView.swift */ = {isa = PBXFileReference; fileEncoding = 4; lastKnownFileType = sourcecode.swift; path = AddEmailView.swift; sourceTree = "<group>"; };
		A0E832792AE35F0C00DBC228 /* CompleteSignUpView.swift */ = {isa = PBXFileReference; fileEncoding = 4; lastKnownFileType = sourcecode.swift; path = CompleteSignUpView.swift; sourceTree = "<group>"; };
		A0E8327F2AE361F900DBC228 /* TextFieldModifier.swift */ = {isa = PBXFileReference; lastKnownFileType = sourcecode.swift; path = TextFieldModifier.swift; sourceTree = "<group>"; };
/* End PBXFileReference section */

/* Begin PBXFrameworksBuildPhase section */
		A08A48B72ADE27B000E095C2 /* Frameworks */ = {
			isa = PBXFrameworksBuildPhase;
			buildActionMask = 2147483647;
			files = (
				A099AC822AF3453A008DA683 /* FirebaseAuth in Frameworks */,
				A099AC8E2AF3453B008DA683 /* FirebaseStorageCombine-Community in Frameworks */,
				A099AC842AF3453A008DA683 /* FirebaseFirestore in Frameworks */,
				A099AC8A2AF3453B008DA683 /* FirebaseRemoteConfigSwift in Frameworks */,
				A099AC862AF3453B008DA683 /* FirebaseFirestoreSwift in Frameworks */,
				A099AC882AF3453B008DA683 /* FirebaseRemoteConfig in Frameworks */,
				A099AC8C2AF3453B008DA683 /* FirebaseStorage in Frameworks */,
			);
			runOnlyForDeploymentPostprocessing = 0;
		};
/* End PBXFrameworksBuildPhase section */

/* Begin PBXGroup section */
		A035E2D42AF08E1D00EFB672 /* Guest */ = {
			isa = PBXGroup;
			children = (
				A035E2D52AF08E2F00EFB672 /* View */,
				A035E2D62AF08E3C00EFB672 /* ViewModel */,
			);
			path = Guest;
			sourceTree = "<group>";
		};
		A035E2D52AF08E2F00EFB672 /* View */ = {
			isa = PBXGroup;
			children = (
				A035E2D22AF08E1800EFB672 /* GuestOptionView.swift */,
			);
			path = View;
			sourceTree = "<group>";
		};
		A035E2D62AF08E3C00EFB672 /* ViewModel */ = {
			isa = PBXGroup;
			children = (
				A035E2D72AF08E9D00EFB672 /* GuestOptionViewModel.swift */,
			);
			path = ViewModel;
			sourceTree = "<group>";
		};
		A08A48B12ADE27B000E095C2 = {
			isa = PBXGroup;
			children = (
				A08A48BC2ADE27B000E095C2 /* WallApp */,
				A08A48BB2ADE27B000E095C2 /* Products */,
			);
			sourceTree = "<group>";
		};
		A08A48BB2ADE27B000E095C2 /* Products */ = {
			isa = PBXGroup;
			children = (
				A08A48BA2ADE27B000E095C2 /* WallApp.app */,
			);
			name = Products;
			sourceTree = "<group>";
		};
		A08A48BC2ADE27B000E095C2 /* WallApp */ = {
			isa = PBXGroup;
			children = (
				A09FEC1B2ADF6B6100F7E516 /* App */,
				A09FEC062ADE294200F7E516 /* Core */,
				A0DCA2AB2AEB4CF5006B5299 /* Extensions */,
				A09FEC552ADF75D800F7E516 /* Model */,
				A09FEC582ADF78D400F7E516 /* Services */,
				A09FEC5B2ADF79B300F7E516 /* Utils */,
				A08A48C12ADE27B100E095C2 /* Assets.xcassets */,
				A08A48C32ADE27B100E095C2 /* Preview Content */,
			);
			path = WallApp;
			sourceTree = "<group>";
		};
		A08A48C32ADE27B100E095C2 /* Preview Content */ = {
			isa = PBXGroup;
			children = (
				A08A48C42ADE27B100E095C2 /* Preview Assets.xcassets */,
			);
			path = "Preview Content";
			sourceTree = "<group>";
		};
		A09FEC062ADE294200F7E516 /* Core */ = {
			isa = PBXGroup;
			children = (
				A035E2D42AF08E1D00EFB672 /* Guest */,
				A0C350972AEEA48B0044A319 /* Profile */,
				A09FEC152ADF663200F7E516 /* Authentication */,
				A0E8327E2AE3610D00DBC228 /* Components */,
				A09FEC0B2ADE2E9800F7E516 /* Feed */,
				A09FEC0A2ADE2AC000F7E516 /* Root */,
				A09FEC072ADE296600F7E516 /* TabBar */,
				A09FEC0C2ADE2EA900F7E516 /* UploadPost */,
			);
			path = Core;
			sourceTree = "<group>";
		};
		A09FEC072ADE296600F7E516 /* TabBar */ = {
			isa = PBXGroup;
			children = (
				A09FEC082ADE29C300F7E516 /* MainTabView.swift */,
			);
			path = TabBar;
			sourceTree = "<group>";
		};
		A09FEC0A2ADE2AC000F7E516 /* Root */ = {
			isa = PBXGroup;
			children = (
				A09FEC112ADF65CD00F7E516 /* View */,
				A09FEC122ADF65D400F7E516 /* ViewModel */,
			);
			path = Root;
			sourceTree = "<group>";
		};
		A09FEC0B2ADE2E9800F7E516 /* Feed */ = {
			isa = PBXGroup;
			children = (
				A09FEC132ADF65E600F7E516 /* View */,
				A09FEC142ADF65ED00F7E516 /* ViewModel */,
			);
			path = Feed;
			sourceTree = "<group>";
		};
		A09FEC0C2ADE2EA900F7E516 /* UploadPost */ = {
			isa = PBXGroup;
			children = (
				A0DCA2B02AED6BF0006B5299 /* View */,
				A0DCA2B12AED6BF8006B5299 /* ViewModel */,
			);
			path = UploadPost;
			sourceTree = "<group>";
		};
		A09FEC112ADF65CD00F7E516 /* View */ = {
			isa = PBXGroup;
			children = (
				A08A48BF2ADE27B000E095C2 /* ContentView.swift */,
			);
			path = View;
			sourceTree = "<group>";
		};
		A09FEC122ADF65D400F7E516 /* ViewModel */ = {
			isa = PBXGroup;
			children = (
				A09FEC0F2ADF65AB00F7E516 /* ContentViewModel.swift */,
			);
			path = ViewModel;
			sourceTree = "<group>";
		};
		A09FEC132ADF65E600F7E516 /* View */ = {
			isa = PBXGroup;
			children = (
				A09FEC0D2ADE2ECC00F7E516 /* FeedView.swift */,
				A0DCA2A72AEB4B44006B5299 /* FeedCell.swift */,
			);
			path = View;
			sourceTree = "<group>";
		};
		A09FEC142ADF65ED00F7E516 /* ViewModel */ = {
			isa = PBXGroup;
			children = (
				A0DCA2A52AEB4971006B5299 /* FeedViewModel.swift */,
				A0DCA2A92AEB4BA5006B5299 /* FeedCellViewModel.swift */,
			);
			path = ViewModel;
			sourceTree = "<group>";
		};
		A09FEC152ADF663200F7E516 /* Authentication */ = {
			isa = PBXGroup;
			children = (
				A09FEC182ADF665400F7E516 /* Service */,
				A09FEC172ADF664C00F7E516 /* ViewModel */,
				A09FEC162ADF664700F7E516 /* View */,
			);
			path = Authentication;
			sourceTree = "<group>";
		};
		A09FEC162ADF664700F7E516 /* View */ = {
			isa = PBXGroup;
			children = (
				A09FEC192ADF666B00F7E516 /* LoginView.swift */,
				A0E832782AE35F0C00DBC228 /* AddEmailView.swift */,
				A0E832792AE35F0C00DBC228 /* CompleteSignUpView.swift */,
				A0E832772AE35F0C00DBC228 /* CreatePasswordView.swift */,
				A0E832762AE35F0C00DBC228 /* CreateUserName.swift */,
			);
			path = View;
			sourceTree = "<group>";
		};
		A09FEC172ADF664C00F7E516 /* ViewModel */ = {
			isa = PBXGroup;
			children = (
				A09FEC5E2ADF7BE000F7E516 /* RegistrationViewModel.swift */,
				A09FEC602ADF7C0600F7E516 /* LoginViewModel.swift */,
			);
			path = ViewModel;
			sourceTree = "<group>";
		};
		A09FEC182ADF665400F7E516 /* Service */ = {
			isa = PBXGroup;
			children = (
				A09FEC532ADF758E00F7E516 /* AuthService.swift */,
			);
			path = Service;
			sourceTree = "<group>";
		};
		A09FEC1B2ADF6B6100F7E516 /* App */ = {
			isa = PBXGroup;
			children = (
				A08A48BD2ADE27B000E095C2 /* WallAppApp.swift */,
				A05151B52AF3409200DF5B7D /* GoogleService-Info.plist */,
			);
			path = App;
			sourceTree = "<group>";
		};
		A09FEC552ADF75D800F7E516 /* Model */ = {
			isa = PBXGroup;
			children = (
				A09FEC562ADF760A00F7E516 /* User.swift */,
				A0DCA2A32AEB47E0006B5299 /* Post.swift */,
			);
			path = Model;
			sourceTree = "<group>";
		};
		A09FEC582ADF78D400F7E516 /* Services */ = {
			isa = PBXGroup;
			children = (
				A09FEC592ADF78E400F7E516 /* UserService.swift */,
				A0C350912AEE93BD0044A319 /* PostService.swift */,
				A035E2DC2AF0921100EFB672 /* GuestService.swift */,
			);
			path = Services;
			sourceTree = "<group>";
		};
		A09FEC5B2ADF79B300F7E516 /* Utils */ = {
			isa = PBXGroup;
			children = (
				A09FEC5C2ADF79C900F7E516 /* Constants.swift */,
			);
			path = Utils;
			sourceTree = "<group>";
		};
		A0C350972AEEA48B0044A319 /* Profile */ = {
			isa = PBXGroup;
			children = (
				A0C3509B2AEEA4CB0044A319 /* ViewModel */,
				A0C3509A2AEEA4C30044A319 /* View */,
			);
			path = Profile;
			sourceTree = "<group>";
		};
		A0C3509A2AEEA4C30044A319 /* View */ = {
			isa = PBXGroup;
			children = (
				A0C350982AEEA4BE0044A319 /* ProfileView.swift */,
			);
			path = View;
			sourceTree = "<group>";
		};
		A0C3509B2AEEA4CB0044A319 /* ViewModel */ = {
			isa = PBXGroup;
			children = (
				A0C3509C2AEEA4FC0044A319 /* ProfileViewModel.swift */,
			);
			path = ViewModel;
			sourceTree = "<group>";
		};
		A0DCA2AB2AEB4CF5006B5299 /* Extensions */ = {
			isa = PBXGroup;
			children = (
				A0DCA2AC2AEB4D19006B5299 /* Extensions.swift */,
			);
			path = Extensions;
			sourceTree = "<group>";
		};
		A0DCA2B02AED6BF0006B5299 /* View */ = {
			isa = PBXGroup;
			children = (
				A0DCA2B22AED6C32006B5299 /* UploadPostView.swift */,
			);
			name = View;
			sourceTree = "<group>";
		};
		A0DCA2B12AED6BF8006B5299 /* ViewModel */ = {
			isa = PBXGroup;
			children = (
				A0C3508F2AED92C70044A319 /* UploadPostViewModel.swift */,
			);
			name = ViewModel;
			sourceTree = "<group>";
		};
		A0E8327E2AE3610D00DBC228 /* Components */ = {
			isa = PBXGroup;
			children = (
				A0E8327F2AE361F900DBC228 /* TextFieldModifier.swift */,
				A0DCA2AE2AEB4F06006B5299 /* CircularProfileImageView.swift */,
			);
			path = Components;
			sourceTree = "<group>";
		};
/* End PBXGroup section */

/* Begin PBXNativeTarget section */
		A08A48B92ADE27B000E095C2 /* WallApp */ = {
			isa = PBXNativeTarget;
			buildConfigurationList = A08A48C82ADE27B100E095C2 /* Build configuration list for PBXNativeTarget "WallApp" */;
			buildPhases = (
				A08A48B62ADE27B000E095C2 /* Sources */,
				A08A48B72ADE27B000E095C2 /* Frameworks */,
				A08A48B82ADE27B000E095C2 /* Resources */,
			);
			buildRules = (
			);
			dependencies = (
			);
			name = WallApp;
			packageProductDependencies = (
				A099AC812AF3453A008DA683 /* FirebaseAuth */,
				A099AC832AF3453A008DA683 /* FirebaseFirestore */,
				A099AC852AF3453A008DA683 /* FirebaseFirestoreSwift */,
				A099AC872AF3453B008DA683 /* FirebaseRemoteConfig */,
				A099AC892AF3453B008DA683 /* FirebaseRemoteConfigSwift */,
				A099AC8B2AF3453B008DA683 /* FirebaseStorage */,
				A099AC8D2AF3453B008DA683 /* FirebaseStorageCombine-Community */,
			);
			productName = WallApp;
			productReference = A08A48BA2ADE27B000E095C2 /* WallApp.app */;
			productType = "com.apple.product-type.application";
		};
/* End PBXNativeTarget section */

/* Begin PBXProject section */
		A08A48B22ADE27B000E095C2 /* Project object */ = {
			isa = PBXProject;
			attributes = {
				BuildIndependentTargetsInParallel = 1;
				LastSwiftUpdateCheck = 1500;
				LastUpgradeCheck = 1500;
				TargetAttributes = {
					A08A48B92ADE27B000E095C2 = {
						CreatedOnToolsVersion = 15.0;
					};
				};
			};
			buildConfigurationList = A08A48B52ADE27B000E095C2 /* Build configuration list for PBXProject "WallApp" */;
			compatibilityVersion = "Xcode 14.0";
			developmentRegion = en;
			hasScannedForEncodings = 0;
			knownRegions = (
				en,
				Base,
			);
			mainGroup = A08A48B12ADE27B000E095C2;
			packageReferences = (
				A099AC802AF3453A008DA683 /* XCRemoteSwiftPackageReference "firebase-ios-sdk" */,
			);
			productRefGroup = A08A48BB2ADE27B000E095C2 /* Products */;
			projectDirPath = "";
			projectRoot = "";
			targets = (
				A08A48B92ADE27B000E095C2 /* WallApp */,
			);
		};
/* End PBXProject section */

/* Begin PBXResourcesBuildPhase section */
		A08A48B82ADE27B000E095C2 /* Resources */ = {
			isa = PBXResourcesBuildPhase;
			buildActionMask = 2147483647;
			files = (
				A08A48C52ADE27B100E095C2 /* Preview Assets.xcassets in Resources */,
				A08A48C22ADE27B100E095C2 /* Assets.xcassets in Resources */,
				A05151B62AF3409200DF5B7D /* GoogleService-Info.plist in Resources */,
			);
			runOnlyForDeploymentPostprocessing = 0;
		};
/* End PBXResourcesBuildPhase section */

/* Begin PBXSourcesBuildPhase section */
		A08A48B62ADE27B000E095C2 /* Sources */ = {
			isa = PBXSourcesBuildPhase;
			buildActionMask = 2147483647;
			files = (
				A0DCA2A62AEB4971006B5299 /* FeedViewModel.swift in Sources */,
				A0C350992AEEA4BE0044A319 /* ProfileView.swift in Sources */,
				A0E8327C2AE35F0D00DBC228 /* AddEmailView.swift in Sources */,
				A035E2DD2AF0921100EFB672 /* GuestService.swift in Sources */,
				A0DCA2AA2AEB4BA5006B5299 /* FeedCellViewModel.swift in Sources */,
				A09FEC1A2ADF666B00F7E516 /* LoginView.swift in Sources */,
				A0DCA2AF2AEB4F06006B5299 /* CircularProfileImageView.swift in Sources */,
				A0C3509D2AEEA4FC0044A319 /* ProfileViewModel.swift in Sources */,
				A0E8327B2AE35F0D00DBC228 /* CreatePasswordView.swift in Sources */,
				A09FEC5F2ADF7BE000F7E516 /* RegistrationViewModel.swift in Sources */,
				A09FEC0E2ADE2ECC00F7E516 /* FeedView.swift in Sources */,
				A09FEC5A2ADF78E400F7E516 /* UserService.swift in Sources */,
				A035E2D32AF08E1800EFB672 /* GuestOptionView.swift in Sources */,
				A09FEC572ADF760A00F7E516 /* User.swift in Sources */,
				A0DCA2AD2AEB4D19006B5299 /* Extensions.swift in Sources */,
				A035E2D82AF08E9D00EFB672 /* GuestOptionViewModel.swift in Sources */,
				A0E832802AE361F900DBC228 /* TextFieldModifier.swift in Sources */,
				A08A48C02ADE27B000E095C2 /* ContentView.swift in Sources */,
				A0DCA2B32AED6C32006B5299 /* UploadPostView.swift in Sources */,
				A0E8327A2AE35F0D00DBC228 /* CreateUserName.swift in Sources */,
				A09FEC5D2ADF79C900F7E516 /* Constants.swift in Sources */,
				A0DCA2A82AEB4B44006B5299 /* FeedCell.swift in Sources */,
				A08A48BE2ADE27B000E095C2 /* WallAppApp.swift in Sources */,
				A09FEC612ADF7C0600F7E516 /* LoginViewModel.swift in Sources */,
				A0C350902AED92C70044A319 /* UploadPostViewModel.swift in Sources */,
				A09FEC092ADE29C300F7E516 /* MainTabView.swift in Sources */,
				A0E8327D2AE35F0D00DBC228 /* CompleteSignUpView.swift in Sources */,
				A0DCA2A42AEB47E0006B5299 /* Post.swift in Sources */,
				A0C350922AEE93BD0044A319 /* PostService.swift in Sources */,
				A09FEC102ADF65AB00F7E516 /* ContentViewModel.swift in Sources */,
				A09FEC542ADF758E00F7E516 /* AuthService.swift in Sources */,
			);
			runOnlyForDeploymentPostprocessing = 0;
		};
/* End PBXSourcesBuildPhase section */

/* Begin XCBuildConfiguration section */
		A08A48C62ADE27B100E095C2 /* Debug */ = {
			isa = XCBuildConfiguration;
			buildSettings = {
				ALWAYS_SEARCH_USER_PATHS = NO;
				ASSETCATALOG_COMPILER_GENERATE_SWIFT_ASSET_SYMBOL_EXTENSIONS = YES;
				CLANG_ANALYZER_NONNULL = YES;
				CLANG_ANALYZER_NUMBER_OBJECT_CONVERSION = YES_AGGRESSIVE;
				CLANG_CXX_LANGUAGE_STANDARD = "gnu++20";
				CLANG_ENABLE_MODULES = YES;
				CLANG_ENABLE_OBJC_ARC = YES;
				CLANG_ENABLE_OBJC_WEAK = YES;
				CLANG_WARN_BLOCK_CAPTURE_AUTORELEASING = YES;
				CLANG_WARN_BOOL_CONVERSION = YES;
				CLANG_WARN_COMMA = YES;
				CLANG_WARN_CONSTANT_CONVERSION = YES;
				CLANG_WARN_DEPRECATED_OBJC_IMPLEMENTATIONS = YES;
				CLANG_WARN_DIRECT_OBJC_ISA_USAGE = YES_ERROR;
				CLANG_WARN_DOCUMENTATION_COMMENTS = YES;
				CLANG_WARN_EMPTY_BODY = YES;
				CLANG_WARN_ENUM_CONVERSION = YES;
				CLANG_WARN_INFINITE_RECURSION = YES;
				CLANG_WARN_INT_CONVERSION = YES;
				CLANG_WARN_NON_LITERAL_NULL_CONVERSION = YES;
				CLANG_WARN_OBJC_IMPLICIT_RETAIN_SELF = YES;
				CLANG_WARN_OBJC_LITERAL_CONVERSION = YES;
				CLANG_WARN_OBJC_ROOT_CLASS = YES_ERROR;
				CLANG_WARN_QUOTED_INCLUDE_IN_FRAMEWORK_HEADER = YES;
				CLANG_WARN_RANGE_LOOP_ANALYSIS = YES;
				CLANG_WARN_STRICT_PROTOTYPES = YES;
				CLANG_WARN_SUSPICIOUS_MOVE = YES;
				CLANG_WARN_UNGUARDED_AVAILABILITY = YES_AGGRESSIVE;
				CLANG_WARN_UNREACHABLE_CODE = YES;
				CLANG_WARN__DUPLICATE_METHOD_MATCH = YES;
				COPY_PHASE_STRIP = NO;
				DEBUG_INFORMATION_FORMAT = dwarf;
				ENABLE_STRICT_OBJC_MSGSEND = YES;
				ENABLE_TESTABILITY = YES;
				ENABLE_USER_SCRIPT_SANDBOXING = YES;
				GCC_C_LANGUAGE_STANDARD = gnu17;
				GCC_DYNAMIC_NO_PIC = NO;
				GCC_NO_COMMON_BLOCKS = YES;
				GCC_OPTIMIZATION_LEVEL = 0;
				GCC_PREPROCESSOR_DEFINITIONS = (
					"DEBUG=1",
					"$(inherited)",
				);
				GCC_WARN_64_TO_32_BIT_CONVERSION = YES;
				GCC_WARN_ABOUT_RETURN_TYPE = YES_ERROR;
				GCC_WARN_UNDECLARED_SELECTOR = YES;
				GCC_WARN_UNINITIALIZED_AUTOS = YES_AGGRESSIVE;
				GCC_WARN_UNUSED_FUNCTION = YES;
				GCC_WARN_UNUSED_VARIABLE = YES;
				IPHONEOS_DEPLOYMENT_TARGET = 17.0;
				LOCALIZATION_PREFERS_STRING_CATALOGS = YES;
				MTL_ENABLE_DEBUG_INFO = INCLUDE_SOURCE;
				MTL_FAST_MATH = YES;
				ONLY_ACTIVE_ARCH = YES;
				SDKROOT = iphoneos;
				SWIFT_ACTIVE_COMPILATION_CONDITIONS = "DEBUG $(inherited)";
				SWIFT_OPTIMIZATION_LEVEL = "-Onone";
			};
			name = Debug;
		};
		A08A48C72ADE27B100E095C2 /* Release */ = {
			isa = XCBuildConfiguration;
			buildSettings = {
				ALWAYS_SEARCH_USER_PATHS = NO;
				ASSETCATALOG_COMPILER_GENERATE_SWIFT_ASSET_SYMBOL_EXTENSIONS = YES;
				CLANG_ANALYZER_NONNULL = YES;
				CLANG_ANALYZER_NUMBER_OBJECT_CONVERSION = YES_AGGRESSIVE;
				CLANG_CXX_LANGUAGE_STANDARD = "gnu++20";
				CLANG_ENABLE_MODULES = YES;
				CLANG_ENABLE_OBJC_ARC = YES;
				CLANG_ENABLE_OBJC_WEAK = YES;
				CLANG_WARN_BLOCK_CAPTURE_AUTORELEASING = YES;
				CLANG_WARN_BOOL_CONVERSION = YES;
				CLANG_WARN_COMMA = YES;
				CLANG_WARN_CONSTANT_CONVERSION = YES;
				CLANG_WARN_DEPRECATED_OBJC_IMPLEMENTATIONS = YES;
				CLANG_WARN_DIRECT_OBJC_ISA_USAGE = YES_ERROR;
				CLANG_WARN_DOCUMENTATION_COMMENTS = YES;
				CLANG_WARN_EMPTY_BODY = YES;
				CLANG_WARN_ENUM_CONVERSION = YES;
				CLANG_WARN_INFINITE_RECURSION = YES;
				CLANG_WARN_INT_CONVERSION = YES;
				CLANG_WARN_NON_LITERAL_NULL_CONVERSION = YES;
				CLANG_WARN_OBJC_IMPLICIT_RETAIN_SELF = YES;
				CLANG_WARN_OBJC_LITERAL_CONVERSION = YES;
				CLANG_WARN_OBJC_ROOT_CLASS = YES_ERROR;
				CLANG_WARN_QUOTED_INCLUDE_IN_FRAMEWORK_HEADER = YES;
				CLANG_WARN_RANGE_LOOP_ANALYSIS = YES;
				CLANG_WARN_STRICT_PROTOTYPES = YES;
				CLANG_WARN_SUSPICIOUS_MOVE = YES;
				CLANG_WARN_UNGUARDED_AVAILABILITY = YES_AGGRESSIVE;
				CLANG_WARN_UNREACHABLE_CODE = YES;
				CLANG_WARN__DUPLICATE_METHOD_MATCH = YES;
				COPY_PHASE_STRIP = NO;
				DEBUG_INFORMATION_FORMAT = "dwarf-with-dsym";
				ENABLE_NS_ASSERTIONS = NO;
				ENABLE_STRICT_OBJC_MSGSEND = YES;
				ENABLE_USER_SCRIPT_SANDBOXING = YES;
				GCC_C_LANGUAGE_STANDARD = gnu17;
				GCC_NO_COMMON_BLOCKS = YES;
				GCC_WARN_64_TO_32_BIT_CONVERSION = YES;
				GCC_WARN_ABOUT_RETURN_TYPE = YES_ERROR;
				GCC_WARN_UNDECLARED_SELECTOR = YES;
				GCC_WARN_UNINITIALIZED_AUTOS = YES_AGGRESSIVE;
				GCC_WARN_UNUSED_FUNCTION = YES;
				GCC_WARN_UNUSED_VARIABLE = YES;
				IPHONEOS_DEPLOYMENT_TARGET = 17.0;
				LOCALIZATION_PREFERS_STRING_CATALOGS = YES;
				MTL_ENABLE_DEBUG_INFO = NO;
				MTL_FAST_MATH = YES;
				SDKROOT = iphoneos;
				SWIFT_COMPILATION_MODE = wholemodule;
				VALIDATE_PRODUCT = YES;
			};
			name = Release;
		};
		A08A48C92ADE27B100E095C2 /* Debug */ = {
			isa = XCBuildConfiguration;
			buildSettings = {
				ASSETCATALOG_COMPILER_APPICON_NAME = AppIcon;
				ASSETCATALOG_COMPILER_GLOBAL_ACCENT_COLOR_NAME = AccentColor;
				CODE_SIGN_STYLE = Automatic;
				CURRENT_PROJECT_VERSION = 1;
				DEVELOPMENT_ASSET_PATHS = "\"WallApp/Preview Content\"";
				DEVELOPMENT_TEAM = 5L558QAWJ3;
				ENABLE_PREVIEWS = YES;
				GENERATE_INFOPLIST_FILE = YES;
				INFOPLIST_KEY_CFBundleDisplayName = WallApp;
				INFOPLIST_KEY_LSApplicationCategoryType = "public.app-category.social-networking";
				INFOPLIST_KEY_UIApplicationSceneManifest_Generation = YES;
				INFOPLIST_KEY_UIApplicationSupportsIndirectInputEvents = YES;
				INFOPLIST_KEY_UILaunchScreen_Generation = YES;
				INFOPLIST_KEY_UISupportedInterfaceOrientations_iPad = "UIInterfaceOrientationPortrait UIInterfaceOrientationPortraitUpsideDown UIInterfaceOrientationLandscapeLeft UIInterfaceOrientationLandscapeRight";
				INFOPLIST_KEY_UISupportedInterfaceOrientations_iPhone = "UIInterfaceOrientationPortrait UIInterfaceOrientationLandscapeLeft UIInterfaceOrientationLandscapeRight";
				IPHONEOS_DEPLOYMENT_TARGET = 16.0;
				LD_RUNPATH_SEARCH_PATHS = (
					"$(inherited)",
					"@executable_path/Frameworks",
				);
				MARKETING_VERSION = 1.0;
				PRODUCT_BUNDLE_IDENTIFIER = com.luisValdes.WallApp;
				PRODUCT_NAME = "$(TARGET_NAME)";
				SWIFT_EMIT_LOC_STRINGS = YES;
				SWIFT_VERSION = 5.0;
				TARGETED_DEVICE_FAMILY = "1,2";
			};
			name = Debug;
		};
		A08A48CA2ADE27B100E095C2 /* Release */ = {
			isa = XCBuildConfiguration;
			buildSettings = {
				ASSETCATALOG_COMPILER_APPICON_NAME = AppIcon;
				ASSETCATALOG_COMPILER_GLOBAL_ACCENT_COLOR_NAME = AccentColor;
				CODE_SIGN_STYLE = Automatic;
				CURRENT_PROJECT_VERSION = 1;
				DEVELOPMENT_ASSET_PATHS = "\"WallApp/Preview Content\"";
				DEVELOPMENT_TEAM = 5L558QAWJ3;
				ENABLE_PREVIEWS = YES;
				GENERATE_INFOPLIST_FILE = YES;
				INFOPLIST_KEY_CFBundleDisplayName = WallApp;
				INFOPLIST_KEY_LSApplicationCategoryType = "public.app-category.social-networking";
				INFOPLIST_KEY_UIApplicationSceneManifest_Generation = YES;
				INFOPLIST_KEY_UIApplicationSupportsIndirectInputEvents = YES;
				INFOPLIST_KEY_UILaunchScreen_Generation = YES;
				INFOPLIST_KEY_UISupportedInterfaceOrientations_iPad = "UIInterfaceOrientationPortrait UIInterfaceOrientationPortraitUpsideDown UIInterfaceOrientationLandscapeLeft UIInterfaceOrientationLandscapeRight";
				INFOPLIST_KEY_UISupportedInterfaceOrientations_iPhone = "UIInterfaceOrientationPortrait UIInterfaceOrientationLandscapeLeft UIInterfaceOrientationLandscapeRight";
				IPHONEOS_DEPLOYMENT_TARGET = 16.0;
				LD_RUNPATH_SEARCH_PATHS = (
					"$(inherited)",
					"@executable_path/Frameworks",
				);
				MARKETING_VERSION = 1.0;
				PRODUCT_BUNDLE_IDENTIFIER = com.luisValdes.WallApp;
				PRODUCT_NAME = "$(TARGET_NAME)";
				SWIFT_EMIT_LOC_STRINGS = YES;
				SWIFT_VERSION = 5.0;
				TARGETED_DEVICE_FAMILY = "1,2";
			};
			name = Release;
		};
/* End XCBuildConfiguration section */

/* Begin XCConfigurationList section */
		A08A48B52ADE27B000E095C2 /* Build configuration list for PBXProject "WallApp" */ = {
			isa = XCConfigurationList;
			buildConfigurations = (
				A08A48C62ADE27B100E095C2 /* Debug */,
				A08A48C72ADE27B100E095C2 /* Release */,
			);
			defaultConfigurationIsVisible = 0;
			defaultConfigurationName = Release;
		};
		A08A48C82ADE27B100E095C2 /* Build configuration list for PBXNativeTarget "WallApp" */ = {
			isa = XCConfigurationList;
			buildConfigurations = (
				A08A48C92ADE27B100E095C2 /* Debug */,
				A08A48CA2ADE27B100E095C2 /* Release */,
			);
			defaultConfigurationIsVisible = 0;
			defaultConfigurationName = Release;
		};
/* End XCConfigurationList section */

/* Begin XCRemoteSwiftPackageReference section */
		A099AC802AF3453A008DA683 /* XCRemoteSwiftPackageReference "firebase-ios-sdk" */ = {
			isa = XCRemoteSwiftPackageReference;
			repositoryURL = "https://github.com/firebase/firebase-ios-sdk";
			requirement = {
				kind = upToNextMajorVersion;
				minimumVersion = 10.17.0;
			};
		};
/* End XCRemoteSwiftPackageReference section */

/* Begin XCSwiftPackageProductDependency section */
		A099AC812AF3453A008DA683 /* FirebaseAuth */ = {
			isa = XCSwiftPackageProductDependency;
			package = A099AC802AF3453A008DA683 /* XCRemoteSwiftPackageReference "firebase-ios-sdk" */;
			productName = FirebaseAuth;
		};
		A099AC832AF3453A008DA683 /* FirebaseFirestore */ = {
			isa = XCSwiftPackageProductDependency;
			package = A099AC802AF3453A008DA683 /* XCRemoteSwiftPackageReference "firebase-ios-sdk" */;
			productName = FirebaseFirestore;
		};
		A099AC852AF3453A008DA683 /* FirebaseFirestoreSwift */ = {
			isa = XCSwiftPackageProductDependency;
			package = A099AC802AF3453A008DA683 /* XCRemoteSwiftPackageReference "firebase-ios-sdk" */;
			productName = FirebaseFirestoreSwift;
		};
		A099AC872AF3453B008DA683 /* FirebaseRemoteConfig */ = {
			isa = XCSwiftPackageProductDependency;
			package = A099AC802AF3453A008DA683 /* XCRemoteSwiftPackageReference "firebase-ios-sdk" */;
			productName = FirebaseRemoteConfig;
		};
		A099AC892AF3453B008DA683 /* FirebaseRemoteConfigSwift */ = {
			isa = XCSwiftPackageProductDependency;
			package = A099AC802AF3453A008DA683 /* XCRemoteSwiftPackageReference "firebase-ios-sdk" */;
			productName = FirebaseRemoteConfigSwift;
		};
		A099AC8B2AF3453B008DA683 /* FirebaseStorage */ = {
			isa = XCSwiftPackageProductDependency;
			package = A099AC802AF3453A008DA683 /* XCRemoteSwiftPackageReference "firebase-ios-sdk" */;
			productName = FirebaseStorage;
		};
		A099AC8D2AF3453B008DA683 /* FirebaseStorageCombine-Community */ = {
			isa = XCSwiftPackageProductDependency;
			package = A099AC802AF3453A008DA683 /* XCRemoteSwiftPackageReference "firebase-ios-sdk" */;
			productName = "FirebaseStorageCombine-Community";
		};
/* End XCSwiftPackageProductDependency section */
	};
	rootObject = A08A48B22ADE27B000E095C2 /* Project object */;
}
